
Microsoft Visual Studio Solution File, Format Version 12.00
Project("{FAE04EC0-301F-11D3-BF4B-00C04F79EFBC}") = "Eventnet.Api", "Eventnet.Api\Eventnet.Api.csproj", "{68CDF298-1CBA-4A4E-BAFC-0F1A12CF9A35}"
EndProject
Project("{FAE04EC0-301F-11D3-BF4B-00C04F79EFBC}") = "Eventnet.DataAccess", "Eventnet.DataAccess\Eventnet.DataAccess.csproj", "{9C39B16D-BF9B-4FC3-B13F-259BDD3965FA}"
EndProject
Project("{FAE04EC0-301F-11D3-BF4B-00C04F79EFBC}") = "Eventnet.Api.IntegrationTests", "Eventnet.Api.IntegrationTests\Eventnet.Api.IntegrationTests.csproj", "{397E1243-CE29-404F-8CEF-5583FE0EF3FD}"
EndProject
Global
	GlobalSection(SolutionConfigurationPlatforms) = preSolution
		Debug|Any CPU = Debug|Any CPU
		Release|Any CPU = Release|Any CPU
	EndGlobalSection
	GlobalSection(ProjectConfigurationPlatforms) = postSolution
		{68CDF298-1CBA-4A4E-BAFC-0F1A12CF9A35}.Debug|Any CPU.ActiveCfg = Debug|Any CPU
		{68CDF298-1CBA-4A4E-BAFC-0F1A12CF9A35}.Debug|Any CPU.Build.0 = Debug|Any CPU
		{68CDF298-1CBA-4A4E-BAFC-0F1A12CF9A35}.Release|Any CPU.ActiveCfg = Release|Any CPU
		{68CDF298-1CBA-4A4E-BAFC-0F1A12CF9A35}.Release|Any CPU.Build.0 = Release|Any CPU
		{9C39B16D-BF9B-4FC3-B13F-259BDD3965FA}.Debug|Any CPU.ActiveCfg = Debug|Any CPU
		{9C39B16D-BF9B-4FC3-B13F-259BDD3965FA}.Debug|Any CPU.Build.0 = Debug|Any CPU
		{9C39B16D-BF9B-4FC3-B13F-259BDD3965FA}.Release|Any CPU.ActiveCfg = Release|Any CPU
		{9C39B16D-BF9B-4FC3-B13F-259BDD3965FA}.Release|Any CPU.Build.0 = Release|Any CPU
		{397E1243-CE29-404F-8CEF-5583FE0EF3FD}.Debug|Any CPU.ActiveCfg = Debug|Any CPU
		{397E1243-CE29-404F-8CEF-5583FE0EF3FD}.Debug|Any CPU.Build.0 = Debug|Any CPU
		{397E1243-CE29-404F-8CEF-5583FE0EF3FD}.Release|Any CPU.ActiveCfg = Release|Any CPU
		{397E1243-CE29-404F-8CEF-5583FE0EF3FD}.Release|Any CPU.Build.0 = Release|Any CPU
	EndGlobalSection
EndGlobal
